
Microsoft Visual Studio Solution File, Format Version 12.00
# Visual Studio Version 16
VisualStudioVersion = 16.0.30907.101
MinimumVisualStudioVersion = 10.0.40219.1
Project("{FAE04EC0-301F-11D3-BF4B-00C04F79EFBC}") = "WebApplication1", "WebApplication1\WebApplication1.csproj", "{94958316-8527-4D83-99A7-0BA4898D104B}"
EndProject
Global
	GlobalSection(SolutionConfigurationPlatforms) = preSolution
		Debug|Any CPU = Debug|Any CPU
		Release|Any CPU = Release|Any CPU
	EndGlobalSection
	GlobalSection(ProjectConfigurationPlatforms) = postSolution
		{94958316-8527-4D83-99A7-0BA4898D104B}.Debug|Any CPU.ActiveCfg = Debug|Any CPU
		{94958316-8527-4D83-99A7-0BA4898D104B}.Debug|Any CPU.Build.0 = Debug|Any CPU
		{94958316-8527-4D83-99A7-0BA4898D104B}.Release|Any CPU.ActiveCfg = Release|Any CPU
		{94958316-8527-4D83-99A7-0BA4898D104B}.Release|Any CPU.Build.0 = Release|Any CPU
	EndGlobalSection
	GlobalSection(SolutionProperties) = preSolution
		HideSolutionNode = FALSE
	EndGlobalSection
	GlobalSection(ExtensibilityGlobals) = postSolution
		SolutionGuid = {3FEFEBBB-701E-41B1-A183-A24B4B3031CB}
	EndGlobalSection
EndGlobal
